
Microsoft Visual Studio Solution File, Format Version 12.00
# Visual Studio Version 17
VisualStudioVersion = 17.4.33205.214
MinimumVisualStudioVersion = 10.0.40219.1
Project("{FAE04EC0-301F-11D3-BF4B-00C04F79EFBC}") = "Xndirner_251-260", "Xndirner_251-260\Xndirner_251-260.csproj", "{9F02E6C8-A4C9-4393-B757-80A7A0328F62}"
EndProject
Global
	GlobalSection(SolutionConfigurationPlatforms) = preSolution
		Debug|Any CPU = Debug|Any CPU
		Release|Any CPU = Release|Any CPU
	EndGlobalSection
	GlobalSection(ProjectConfigurationPlatforms) = postSolution
		{9F02E6C8-A4C9-4393-B757-80A7A0328F62}.Debug|Any CPU.ActiveCfg = Debug|Any CPU
		{9F02E6C8-A4C9-4393-B757-80A7A0328F62}.Debug|Any CPU.Build.0 = Debug|Any CPU
		{9F02E6C8-A4C9-4393-B757-80A7A0328F62}.Release|Any CPU.ActiveCfg = Release|Any CPU
		{9F02E6C8-A4C9-4393-B757-80A7A0328F62}.Release|Any CPU.Build.0 = Release|Any CPU
	EndGlobalSection
	GlobalSection(SolutionProperties) = preSolution
		HideSolutionNode = FALSE
	EndGlobalSection
	GlobalSection(ExtensibilityGlobals) = postSolution
		SolutionGuid = {36E07FB5-62FB-45DC-B06E-9976C01C587E}
	EndGlobalSection
EndGlobal
